lockfileVersion: 5.3

specifiers:
  '@vue/compiler-sfc': ^3.2.29
  koa: ^2.13.4
  vue: ^3.2.29

dependencies:
  '@vue/compiler-sfc': 3.2.29
  koa: 2.13.4
  vue: 3.2.29

packages:

  /@babel/parser/7.16.12:
    resolution: {integrity: sha512-VfaV15po8RiZssrkPweyvbGVSe4x2y+aciFCgn0n0/SJMR22cwofRV1mtnJQYcSB1wUTaA/X1LnA3es66MCO5A==}
    engines: {node: '>=6.0.0'}
    hasBin: true
    dev: false

  /@vue/compiler-core/3.2.29:
    resolution: {integrity: sha512-RePZ/J4Ub3sb7atQw6V6Rez+/5LCRHGFlSetT3N4VMrejqJnNPXKUt5AVm/9F5MJriy2w/VudEIvgscCfCWqxw==}
    dependencies:
      '@babel/parser': 7.16.12
      '@vue/shared': 3.2.29
      estree-walker: 2.0.2
      source-map: 0.6.1
    dev: false

  /@vue/compiler-dom/3.2.29:
    resolution: {integrity: sha512-y26vK5khdNS9L3ckvkqJk/78qXwWb75Ci8iYLb67AkJuIgyKhIOcR1E8RIt4mswlVCIeI9gQ+fmtdhaiTAtrBQ==}
    dependencies:
      '@vue/compiler-core': 3.2.29
      '@vue/shared': 3.2.29
    dev: false

  /@vue/compiler-sfc/3.2.29:
    resolution: {integrity: sha512-X9+0dwsag2u6hSOP/XsMYqFti/edvYvxamgBgCcbSYuXx1xLZN+dS/GvQKM4AgGS4djqo0jQvWfIXdfZ2ET68g==}
    dependencies:
      '@babel/parser': 7.16.12
      '@vue/compiler-core': 3.2.29
      '@vue/compiler-dom': 3.2.29
      '@vue/compiler-ssr': 3.2.29
      '@vue/reactivity-transform': 3.2.29
      '@vue/shared': 3.2.29
      estree-walker: 2.0.2
      magic-string: 0.25.7
      postcss: 8.4.5
      source-map: 0.6.1
    dev: false

  /@vue/compiler-ssr/3.2.29:
    resolution: {integrity: sha512-LrvQwXlx66uWsB9/VydaaqEpae9xtmlUkeSKF6aPDbzx8M1h7ukxaPjNCAXuFd3fUHblcri8k42lfimHfzMICA==}
    dependencies:
      '@vue/compiler-dom': 3.2.29
      '@vue/shared': 3.2.29
    dev: false

  /@vue/reactivity-transform/3.2.29:
    resolution: {integrity: sha512-YF6HdOuhdOw6KyRm59+3rML8USb9o8mYM1q+SH0G41K3/q/G7uhPnHGKvspzceD7h9J3VR1waOQ93CUZj7J7OA==}
    dependencies:
      '@babel/parser': 7.16.12
      '@vue/compiler-core': 3.2.29
      '@vue/shared': 3.2.29
      estree-walker: 2.0.2
      magic-string: 0.25.7
    dev: false

  /@vue/reactivity/3.2.29:
    resolution: {integrity: sha512-Ryhb6Gy62YolKXH1gv42pEqwx7zs3n8gacRVZICSgjQz8Qr8QeCcFygBKYfJm3o1SccR7U+bVBQDWZGOyG1k4g==}
    dependencies:
      '@vue/shared': 3.2.29
    dev: false

  /@vue/runtime-core/3.2.29:
    resolution: {integrity: sha512-VMvQuLdzoTGmCwIKTKVwKmIL0qcODIqe74JtK1pVr5lnaE0l25hopodmPag3RcnIcIXe+Ye3B2olRCn7fTCgig==}
    dependencies:
      '@vue/reactivity': 3.2.29
      '@vue/shared': 3.2.29
    dev: false

  /@vue/runtime-dom/3.2.29:
    resolution: {integrity: sha512-YJgLQLwr+SQyORzTsBQLL5TT/5UiV83tEotqjL7F9aFDIQdFBTCwpkCFvX9jqwHoyi9sJqM9XtTrMcc8z/OjPA==}
    dependencies:
      '@vue/runtime-core': 3.2.29
      '@vue/shared': 3.2.29
      csstype: 2.6.19
    dev: false

  /@vue/server-renderer/3.2.29_vue@3.2.29:
    resolution: {integrity: sha512-lpiYx7ciV7rWfJ0tPkoSOlLmwqBZ9FTmQm33S+T4g0j1fO/LmhJ9b9Ctl1o5xvIFVDk9QkSUWANZn7H2pXuxVw==}
    peerDependencies:
      vue: 3.2.29
    dependencies:
      '@vue/compiler-ssr': 3.2.29
      '@vue/shared': 3.2.29
      vue: 3.2.29
    dev: false

  /@vue/shared/3.2.29:
    resolution: {integrity: sha512-BjNpU8OK6Z0LVzGUppEk0CMYm/hKDnZfYdjSmPOs0N+TR1cLKJAkDwW8ASZUvaaSLEi6d3hVM7jnWnX+6yWnHw==}
    dev: false

  /accepts/1.3.7:
    resolution: {integrity: sha1-UxvHJlF6OytB+FACHGzBXqq1B80=}
    engines: {node: '>= 0.6'}
    dependencies:
      mime-types: 2.1.34
      negotiator: 0.6.2
    dev: false

  /cache-content-type/1.0.1:
    resolution: {integrity: sha1-A1zeKwjuISn0qDFeqPAKANuhRTw=}
    engines: {node: '>= 6.0.0'}
    dependencies:
      mime-types: 2.1.34
      ylru: 1.2.1
    dev: false

  /co/4.6.0:
    resolution: {integrity: sha1-bqa989hTrlTMuOR7+gvz+QMfsYQ=}
    engines: {iojs: '>= 1.0.0', node: '>= 0.12.0'}
    dev: false

  /content-disposition/0.5.4:
    resolution: {integrity: sha512-FveZTNuGw04cxlAiWbzi6zTAL/lhehaWbTtgluJh4/E95DqMwTmha3KZN1aAWA8cFIhHzMZUvLevkw5Rqk+tSQ==}
    engines: {node: '>= 0.6'}
    dependencies:
      safe-buffer: 5.2.1
    dev: false

  /content-type/1.0.4:
    resolution: {integrity: sha1-4TjMdeBAxyexlm/l5fjJruJW/js=}
    engines: {node: '>= 0.6'}
    dev: false

  /cookies/0.8.0:
    resolution: {integrity: sha1-EpPOSzkXQKhAbjyYcOgoxLVPP5A=}
    engines: {node: '>= 0.8'}
    dependencies:
      depd: 2.0.0
      keygrip: 1.1.0
    dev: false

  /csstype/2.6.19:
    resolution: {integrity: sha1-/utarokCC7OJ4fY2aaXtSQ45HKo=}
    dev: false

  /debug/4.3.3:
    resolution: {integrity: sha512-/zxw5+vh1Tfv+4Qn7a5nsbcJKPaSvCDhojn6FEl9vupwK2VCSDtEiEtqr8DFtzYFOdz63LBkxec7DYuc2jon6Q==}
    engines: {node: '>=6.0'}
    peerDependencies:
      supports-color: '*'
    peerDependenciesMeta:
      supports-color:
        optional: true
    dependencies:
      ms: 2.1.2
    dev: false

  /deep-equal/1.0.1:
    resolution: {integrity: sha1-9dJgKStmDghO/0zbyfCK0yR0SLU=}
    dev: false

  /delegates/1.0.0:
    resolution: {integrity: sha1-hMbhWbgZBP3KWaDvRM2HDTElD5o=}
    dev: false

  /depd/1.1.2:
    resolution: {integrity: sha1-m81S4UwJd2PnSbJ0xDRu0uVgtak=}
    engines: {node: '>= 0.6'}
    dev: false

  /depd/2.0.0:
    resolution: {integrity: sha1-tpYWPMdXVg0JzyLMj60Vcbeedt8=}
    engines: {node: '>= 0.8'}
    dev: false

  /destroy/1.1.0:
    resolution: {integrity: sha512-R5QZrOXxSs0JDUIU/VANvRJlQVMts9C0L76HToQdPdlftfZCE7W6dyH0G4GZ5UW9fRqUOhAoCE2aGekuu+3HjQ==}
    engines: {node: '>= 0.8', npm: 1.2.8000 || >= 1.4.16}
    dev: false

  /ee-first/1.1.1:
    resolution: {integrity: sha1-WQxhFWsK4vTwJVcyoViyZrxWsh0=}
    dev: false

  /encodeurl/1.0.2:
    resolution: {integrity: sha1-rT/0yG7C0CkyL1oCw6mmBslbP1k=}
    engines: {node: '>= 0.8'}
    dev: false

  /escape-html/1.0.3:
    resolution: {integrity: sha1-Aljq5NPQwJdN4cFpGI7wBR0dGYg=}
    dev: false

  /estree-walker/2.0.2:
    resolution: {integrity: sha1-UvAQF4wqTBF6d1fP6UKtt9LaTKw=}
    dev: false

  /fresh/0.5.2:
    resolution: {integrity: sha1-PYyt2Q2XZWn6g1qx+OSyOhBWBac=}
    engines: {node: '>= 0.6'}
    dev: false

  /has-symbols/1.0.2:
    resolution: {integrity: sha1-Fl0wcMADCXUqEjakeTMeOsVvFCM=}
    engines: {node: '>= 0.4'}
    dev: false

  /has-tostringtag/1.0.0:
    resolution: {integrity: sha1-fhM4GKfTlHNPlB5zw9P5KR5liyU=}
    engines: {node: '>= 0.4'}
    dependencies:
      has-symbols: 1.0.2
    dev: false

  /http-assert/1.5.0:
    resolution: {integrity: sha1-w4nM2HrBbtLfpiRv1zuSaqAOa48=}
    engines: {node: '>= 0.8'}
    dependencies:
      deep-equal: 1.0.1
      http-errors: 1.8.1
    dev: false

  /http-errors/1.8.1:
    resolution: {integrity: sha1-fD8oV3y8iiBziEVdvWIpXtB71ow=}
    engines: {node: '>= 0.6'}
    dependencies:
      depd: 1.1.2
      inherits: 2.0.4
      setprototypeof: 1.2.0
      statuses: 1.5.0
      toidentifier: 1.0.1
    dev: false

  /inherits/2.0.4:
    resolution: {integrity: sha1-D6LGT5MpF8NDOg3tVTY6rjdBa3w=}
    dev: false

  /is-generator-function/1.0.10:
    resolution: {integrity: sha1-8VWLrxrBfg3up8BBXEODUf8rPHI=}
    engines: {node: '>= 0.4'}
    dependencies:
      has-tostringtag: 1.0.0
    dev: false

  /keygrip/1.1.0:
    resolution: {integrity: sha1-hxsWgdXhWcYqRFsMdLYV4JF+ciY=}
    engines: {node: '>= 0.6'}
    dependencies:
      tsscmp: 1.0.6
    dev: false

  /koa-compose/4.1.0:
    resolution: {integrity: sha1-UHMGuTcZAdtBEhyBLpI9DWfT6Hc=}
    dev: false

  /koa-convert/2.0.0:
    resolution: {integrity: sha1-hqDETYHUBVG64i/uZwmQRXPupPU=}
    engines: {node: '>= 10'}
    dependencies:
      co: 4.6.0
      koa-compose: 4.1.0
    dev: false

  /koa/2.13.4:
    resolution: {integrity: sha512-43zkIKubNbnrULWlHdN5h1g3SEKXOEzoAlRsHOTFpnlDu8JlAOZSMJBLULusuXRequboiwJcj5vtYXKB3k7+2g==}
    engines: {node: ^4.8.4 || ^6.10.1 || ^7.10.1 || >= 8.1.4}
    dependencies:
      accepts: 1.3.7
      cache-content-type: 1.0.1
      content-disposition: 0.5.4
      content-type: 1.0.4
      cookies: 0.8.0
      debug: 4.3.3
      delegates: 1.0.0
      depd: 2.0.0
      destroy: 1.1.0
      encodeurl: 1.0.2
      escape-html: 1.0.3
      fresh: 0.5.2
      http-assert: 1.5.0
      http-errors: 1.8.1
      is-generator-function: 1.0.10
      koa-compose: 4.1.0
      koa-convert: 2.0.0
      on-finished: 2.3.0
      only: 0.0.2
      parseurl: 1.3.3
      statuses: 1.5.0
      type-is: 1.6.18
      vary: 1.1.2
    transitivePeerDependencies:
      - supports-color
    dev: false

  /magic-string/0.25.7:
    resolution: {integrity: sha1-P0l9b9NMZpxnmNy4IfLvMfVEUFE=}
    dependencies:
      sourcemap-codec: 1.4.8
    dev: false

  /media-typer/0.3.0:
    resolution: {integrity: sha1-hxDXrwqmJvj/+hzgAWhUUmMlV0g=}
    engines: {node: '>= 0.6'}
    dev: false

  /mime-db/1.51.0:
    resolution: {integrity: sha1-2f9iRRhZsYNC2WCFDcPPt35j+ww=}
    engines: {node: '>= 0.6'}
    dev: false

  /mime-types/2.1.34:
    resolution: {integrity: sha1-WnEvnsFQNRGpRYA2QPr+CdN5PCQ=}
    engines: {node: '>= 0.6'}
    dependencies:
      mime-db: 1.51.0
    dev: false

  /ms/2.1.2:
    resolution: {integrity: sha1-0J0fNXtEP0kzgqjrPM0YOHKuYAk=}
    dev: false

  /nanoid/3.2.0:
    resolution: {integrity: sha512-fmsZYa9lpn69Ad5eDn7FMcnnSR+8R34W9qJEijxYhTbfOWzr22n1QxCMzXLK+ODyW2973V3Fux959iQoUxzUIA==}
    engines: {node: ^10 || ^12 || ^13.7 || ^14 || >=15.0.1}
    hasBin: true
    dev: false

  /negotiator/0.6.2:
    resolution: {integrity: sha1-/qz3zPUlp3rpY0Q2pkiD/+yjRvs=}
    engines: {node: '>= 0.6'}
    dev: false

  /on-finished/2.3.0:
    resolution: {integrity: sha1-IPEzZIGwg811M3mSoWlxqi2QaUc=}
    engines: {node: '>= 0.8'}
    dependencies:
      ee-first: 1.1.1
    dev: false

  /only/0.0.2:
    resolution: {integrity: sha1-Kv3oTQPlC5qO3EROMGEKcCle37Q=}
    dev: false

  /parseurl/1.3.3:
    resolution: {integrity: sha1-naGee+6NEt/wUT7Vt2lXeTvC6NQ=}
    engines: {node: '>= 0.8'}
    dev: false

  /picocolors/1.0.0:
    resolution: {integrity: sha1-y1vcdP8/UYkiNur3nWi8RFZKuBw=}
    dev: false

  /postcss/8.4.5:
    resolution: {integrity: sha512-jBDboWM8qpaqwkMwItqTQTiFikhs/67OYVvblFFTM7MrZjt6yMKd6r2kgXizEbTTljacm4NldIlZnhbjr84QYg==}
    engines: {node: ^10 || ^12 || >=14}
    dependencies:
      nanoid: 3.2.0
      picocolors: 1.0.0
      source-map-js: 1.0.2
    dev: false

  /safe-buffer/5.2.1:
    resolution: {integrity: sha1-Hq+fqb2x/dTsdfWPnNtOa3gn7sY=}
    dev: false

  /setprototypeof/1.2.0:
    resolution: {integrity: sha1-ZsmiSnP5/CjL5msJ/tPTPcrxtCQ=}
    dev: false

  /source-map-js/1.0.2:
    resolution: {integrity: sha512-R0XvVJ9WusLiqTCEiGCmICCMplcCkIwwR11mOSD9CR5u+IXYdiseeEuXCVAjS54zqwkLcPNnmU4OeJ6tUrWhDw==}
    engines: {node: '>=0.10.0'}
    dev: false

  /source-map/0.6.1:
    resolution: {integrity: sha1-dHIq8y6WFOnCh6jQu95IteLxomM=}
    engines: {node: '>=0.10.0'}
    dev: false

  /sourcemap-codec/1.4.8:
    resolution: {integrity: sha1-6oBL2UhXQC5pktBaOO8a41qatMQ=}
    dev: false

  /statuses/1.5.0:
    resolution: {integrity: sha1-Fhx9rBd2Wf2YEfQ3cfqZOBR4Yow=}
    engines: {node: '>= 0.6'}
    dev: false

  /toidentifier/1.0.1:
    resolution: {integrity: sha1-O+NDIaiKgg7RvYDfqjPkefu43TU=}
    engines: {node: '>=0.6'}
    dev: false

  /tsscmp/1.0.6:
    resolution: {integrity: sha1-hbmVg6w1iexL/vgltQAKqRHWBes=}
    engines: {node: '>=0.6.x'}
    dev: false

  /type-is/1.6.18:
    resolution: {integrity: sha1-TlUs0F3wlGfcvE73Od6J8s83wTE=}
    engines: {node: '>= 0.6'}
    dependencies:
      media-typer: 0.3.0
      mime-types: 2.1.34
    dev: false

  /vary/1.1.2:
    resolution: {integrity: sha1-IpnwLG3tMNSllhsLn3RSShj2NPw=}
    engines: {node: '>= 0.8'}
    dev: false

  /vue/3.2.29:
    resolution: {integrity: sha512-cFIwr7LkbtCRanjNvh6r7wp2yUxfxeM2yPpDQpAfaaLIGZSrUmLbNiSze9nhBJt5MrZ68Iqt0O5scwAMEVxF+Q==}
    dependencies:
      '@vue/compiler-dom': 3.2.29
      '@vue/compiler-sfc': 3.2.29
      '@vue/runtime-dom': 3.2.29
      '@vue/server-renderer': 3.2.29_vue@3.2.29
      '@vue/shared': 3.2.29
    dev: false

  /ylru/1.2.1:
    resolution: {integrity: sha1-9Xa2M0FUeYnB3nuiiHYJI7J/6E8=}
    engines: {node: '>= 4.0.0'}
    dev: false
